// !$*UTF8*$!
{
	archiveVersion = 1;
	classes = {
	};
	objectVersion = 77;
	objects = {

/* Begin PBXBuildFile section */
		B83F928A2F49E6850078140F /* RevenueCat in Frameworks */ = {isa = PBXBuildFile; productRef = B83F92892F49E6850078140F /* RevenueCat */; };
		B8685EB02F32589900EB9D5F /* SwiftfulRouting in Frameworks */ = {isa = PBXBuildFile; productRef = B8685EAF2F32589900EB9D5F /* SwiftfulRouting */; };
		B8D989432F376E53002B5C02 /* Lottie in Frameworks */ = {isa = PBXBuildFile; productRef = B8D989422F376E53002B5C02 /* Lottie */; };
/* End PBXBuildFile section */

/* Begin PBXContainerItemProxy section */
		B8AE2AF22F2A442F006F15D3 /* PBXContainerItemProxy */ = {
			isa = PBXContainerItemProxy;
			containerPortal = B8AE2AD72F2A442E006F15D3 /* Project object */;
			proxyType = 1;
			remoteGlobalIDString = B8AE2ADE2F2A442E006F15D3;
			remoteInfo = Buky;
		};
		B8AE2AFC2F2A442F006F15D3 /* PBXContainerItemProxy */ = {
			isa = PBXContainerItemProxy;
			containerPortal = B8AE2AD72F2A442E006F15D3 /* Project object */;
			proxyType = 1;
			remoteGlobalIDString = B8AE2ADE2F2A442E006F15D3;
			remoteInfo = Buky;
		};
/* End PBXContainerItemProxy section */

/* Begin PBXFileReference section */
		B8AE2ADF2F2A442E006F15D3 /* Buky.app */ = {isa = PBXFileReference; explicitFileType = wrapper.application; includeInIndex = 0; path = Buky.app; sourceTree = BUILT_PRODUCTS_DIR; };
		B8AE2AF12F2A442F006F15D3 /* BukyTests.xctest */ = {isa = PBXFileReference; explicitFileType = wrapper.cfbundle; includeInIndex = 0; path = BukyTests.xctest; sourceTree = BUILT_PRODUCTS_DIR; };
		B8AE2AFB2F2A442F006F15D3 /* BukyUITests.xctest */ = {isa = PBXFileReference; explicitFileType = wrapper.cfbundle; includeInIndex = 0; path = BukyUITests.xctest; sourceTree = BUILT_PRODUCTS_DIR; };
/* End PBXFileReference section */

/* Begin PBXFileSystemSynchronizedBuildFileExceptionSet section */
		B8AE2B222F2A49F4006F15D3 /* Exceptions for "Buky" folder in "Buky" target */ = {
			isa = PBXFileSystemSynchronizedBuildFileExceptionSet;
			membershipExceptions = (
				Info.plist,
			);
			target = B8AE2ADE2F2A442E006F15D3 /* Buky */;
		};
/* End PBXFileSystemSynchronizedBuildFileExceptionSet section */

/* Begin PBXFileSystemSynchronizedRootGroup section */
		B8AE2AE12F2A442E006F15D3 /* Buky */ = {
			isa = PBXFileSystemSynchronizedRootGroup;
			exceptions = (
				B8AE2B222F2A49F4006F15D3 /* Exceptions for "Buky" folder in "Buky" target */,
			);
			path = Buky;
			sourceTree = "<group>";
		};
		B8AE2AF42F2A442F006F15D3 /* BukyTests */ = {
			isa = PBXFileSystemSynchronizedRootGroup;
			path = BukyTests;
			sourceTree = "<group>";
		};
		B8AE2AFE2F2A442F006F15D3 /* BukyUITests */ = {
			isa = PBXFileSystemSynchronizedRootGroup;
			path = BukyUITests;
			sourceTree = "<group>";
		};
/* End PBXFileSystemSynchronizedRootGroup section */

/* Begin PBXFrameworksBuildPhase section */
		B8AE2ADC2F2A442E006F15D3 /* Frameworks */ = {
			isa = PBXFrameworksBuildPhase;
			buildActionMask = 2147483647;
			files = (
				B8685EB02F32589900EB9D5F /* SwiftfulRouting in Frameworks */,
				B8D989432F376E53002B5C02 /* Lottie in Frameworks */,
				B83F928A2F49E6850078140F /* RevenueCat in Frameworks */,
			);
			runOnlyForDeploymentPostprocessing = 0;
		};
		B8AE2AEE2F2A442F006F15D3 /* Frameworks */ = {
			isa = PBXFrameworksBuildPhase;
			buildActionMask = 2147483647;
			files = (
			);
			runOnlyForDeploymentPostprocessing = 0;
		};
		B8AE2AF82F2A442F006F15D3 /* Frameworks */ = {
			isa = PBXFrameworksBuildPhase;
			buildActionMask = 2147483647;
			files = (
			);
			runOnlyForDeploymentPostprocessing = 0;
		};
/* End PBXFrameworksBuildPhase section */

/* Begin PBXGroup section */
		B8685EAE2F32589900EB9D5F /* Frameworks */ = {
			isa = PBXGroup;
			children = (
			);
			name = Frameworks;
			sourceTree = "<group>";
		};
		B8AE2AD62F2A442E006F15D3 = {
			isa = PBXGroup;
			children = (
				B8AE2AE12F2A442E006F15D3 /* Buky */,
				B8AE2AF42F2A442F006F15D3 /* BukyTests */,
				B8AE2AFE2F2A442F006F15D3 /* BukyUITests */,
				B8685EAE2F32589900EB9D5F /* Frameworks */,
				B8AE2AE02F2A442E006F15D3 /* Products */,
			);
			sourceTree = "<group>";
		};
		B8AE2AE02F2A442E006F15D3 /* Products */ = {
			isa = PBXGroup;
			children = (
				B8AE2ADF2F2A442E006F15D3 /* Buky.app */,
				B8AE2AF12F2A442F006F15D3 /* BukyTests.xctest */,
				B8AE2AFB2F2A442F006F15D3 /* BukyUITests.xctest */,
			);
			name = Products;
			sourceTree = "<group>";
		};
/* End PBXGroup section */

/* Begin PBXNativeTarget section */
		B8AE2ADE2F2A442E006F15D3 /* Buky */ = {
			isa = PBXNativeTarget;
			buildConfigurationList = B8AE2B052F2A442F006F15D3 /* Build configuration list for PBXNativeTarget "Buky" */;
			buildPhases = (
				B8AE2ADB2F2A442E006F15D3 /* Sources */,
				B8AE2ADC2F2A442E006F15D3 /* Frameworks */,
				B8AE2ADD2F2A442E006F15D3 /* Resources */,
			);
			buildRules = (
			);
			dependencies = (
			);
			fileSystemSynchronizedGroups = (
				B8AE2AE12F2A442E006F15D3 /* Buky */,
			);
			name = Buky;
			packageProductDependencies = (
				B8685EAF2F32589900EB9D5F /* SwiftfulRouting */,
				B8D989422F376E53002B5C02 /* Lottie */,
				B83F92892F49E6850078140F /* RevenueCat */,
			);
			productName = Buky;
			productReference = B8AE2ADF2F2A442E006F15D3 /* Buky.app */;
			productType = "com.apple.product-type.application";
		};
		B8AE2AF02F2A442F006F15D3 /* BukyTests */ = {
			isa = PBXNativeTarget;
			buildConfigurationList = B8AE2B082F2A442F006F15D3 /* Build configuration list for PBXNativeTarget "BukyTests" */;
			buildPhases = (
				B8AE2AED2F2A442F006F15D3 /* Sources */,
				B8AE2AEE2F2A442F006F15D3 /* Frameworks */,
				B8AE2AEF2F2A442F006F15D3 /* Resources */,
			);
			buildRules = (
			);
			dependencies = (
				B8AE2AF32F2A442F006F15D3 /* PBXTargetDependency */,
			);
			fileSystemSynchronizedGroups = (
				B8AE2AF42F2A442F006F15D3 /* BukyTests */,
			);
			name = BukyTests;
			packageProductDependencies = (
			);
			productName = BukyTests;
			productReference = B8AE2AF12F2A442F006F15D3 /* BukyTests.xctest */;
			productType = "com.apple.product-type.bundle.unit-test";
		};
		B8AE2AFA2F2A442F006F15D3 /* BukyUITests */ = {
			isa = PBXNativeTarget;
			buildConfigurationList = B8AE2B0B2F2A442F006F15D3 /* Build configuration list for PBXNativeTarget "BukyUITests" */;
			buildPhases = (
				B8AE2AF72F2A442F006F15D3 /* Sources */,
				B8AE2AF82F2A442F006F15D3 /* Frameworks */,
				B8AE2AF92F2A442F006F15D3 /* Resources */,
			);
			buildRules = (
			);
			dependencies = (
				B8AE2AFD2F2A442F006F15D3 /* PBXTargetDependency */,
			);
			fileSystemSynchronizedGroups = (
				B8AE2AFE2F2A442F006F15D3 /* BukyUITests */,
			);
			name = BukyUITests;
			packageProductDependencies = (
			);
			productName = BukyUITests;
			productReference = B8AE2AFB2F2A442F006F15D3 /* BukyUITests.xctest */;
			productType = "com.apple.product-type.bundle.ui-testing";
		};
/* End PBXNativeTarget section */

/* Begin PBXProject section */
		B8AE2AD72F2A442E006F15D3 /* Project object */ = {
			isa = PBXProject;
			attributes = {
				BuildIndependentTargetsInParallel = 1;
				LastSwiftUpdateCheck = 1620;
				LastUpgradeCheck = 1620;
				TargetAttributes = {
					B8AE2ADE2F2A442E006F15D3 = {
						CreatedOnToolsVersion = 16.2;
					};
					B8AE2AF02F2A442F006F15D3 = {
						CreatedOnToolsVersion = 16.2;
						TestTargetID = B8AE2ADE2F2A442E006F15D3;
					};
					B8AE2AFA2F2A442F006F15D3 = {
						CreatedOnToolsVersion = 16.2;
						TestTargetID = B8AE2ADE2F2A442E006F15D3;
					};
				};
			};
			buildConfigurationList = B8AE2ADA2F2A442E006F15D3 /* Build configuration list for PBXProject "Buky" */;
			developmentRegion = en;
			hasScannedForEncodings = 0;
			knownRegions = (
				en,
				Base,
				"es-419",
				es,
				"pt-BR",
			);
			mainGroup = B8AE2AD62F2A442E006F15D3;
			minimizedProjectReferenceProxies = 1;
			packageReferences = (
				B8685EAB2F3257EE00EB9D5F /* XCRemoteSwiftPackageReference "SwiftfulRouting" */,
				B8D989412F376E53002B5C02 /* XCRemoteSwiftPackageReference "lottie-ios" */,
				B83F92882F49D8120078140F /* XCRemoteSwiftPackageReference "purchases-ios-spm" */,
			);
			preferredProjectObjectVersion = 77;
			productRefGroup = B8AE2AE02F2A442E006F15D3 /* Products */;
			projectDirPath = "";
			projectRoot = "";
			targets = (
				B8AE2ADE2F2A442E006F15D3 /* Buky */,
				B8AE2AF02F2A442F006F15D3 /* BukyTests */,
				B8AE2AFA2F2A442F006F15D3 /* BukyUITests */,
			);
		};
/* End PBXProject section */

/* Begin PBXResourcesBuildPhase section */
		B8AE2ADD2F2A442E006F15D3 /* Resources */ = {
			isa = PBXResourcesBuildPhase;
			buildActionMask = 2147483647;
			files = (
			);
			runOnlyForDeploymentPostprocessing = 0;
		};
		B8AE2AEF2F2A442F006F15D3 /* Resources */ = {
			isa = PBXResourcesBuildPhase;
			buildActionMask = 2147483647;
			files = (
			);
			runOnlyForDeploymentPostprocessing = 0;
		};
		B8AE2AF92F2A442F006F15D3 /* Resources */ = {
			isa = PBXResourcesBuildPhase;
			buildActionMask = 2147483647;
			files = (
			);
			runOnlyForDeploymentPostprocessing = 0;
		};
/* End PBXResourcesBuildPhase section */

/* Begin PBXSourcesBuildPhase section */
		B8AE2ADB2F2A442E006F15D3 /* Sources */ = {
			isa = PBXSourcesBuildPhase;
			buildActionMask = 2147483647;
			files = (
			);
			runOnlyForDeploymentPostprocessing = 0;
		};
		B8AE2AED2F2A442F006F15D3 /* Sources */ = {
			isa = PBXSourcesBuildPhase;
			buildActionMask = 2147483647;
			files = (
			);
			runOnlyForDeploymentPostprocessing = 0;
		};
		B8AE2AF72F2A442F006F15D3 /* Sources */ = {
			isa = PBXSourcesBuildPhase;
			buildActionMask = 2147483647;
			files = (
			);
			runOnlyForDeploymentPostprocessing = 0;
		};
/* End PBXSourcesBuildPhase section */

/* Begin PBXTargetDependency section */
		B8AE2AF32F2A442F006F15D3 /* PBXTargetDependency */ = {
			isa = PBXTargetDependency;
			target = B8AE2ADE2F2A442E006F15D3 /* Buky */;
			targetProxy = B8AE2AF22F2A442F006F15D3 /* PBXContainerItemProxy */;
		};
		B8AE2AFD2F2A442F006F15D3 /* PBXTargetDependency */ = {
			isa = PBXTargetDependency;
			target = B8AE2ADE2F2A442E006F15D3 /* Buky */;
			targetProxy = B8AE2AFC2F2A442F006F15D3 /* PBXContainerItemProxy */;
		};
/* End PBXTargetDependency section */

/* Begin XCBuildConfiguration section */
		B8AE2B032F2A442F006F15D3 /* Debug */ = {
			isa = XCBuildConfiguration;
			buildSettings = {
				ALWAYS_SEARCH_USER_PATHS = NO;
				ASSETCATALOG_COMPILER_GENERATE_SWIFT_ASSET_SYMBOL_EXTENSIONS = YES;
				CLANG_ANALYZER_NONNULL = YES;
				CLANG_ANALYZER_NUMBER_OBJECT_CONVERSION = YES_AGGRESSIVE;
				CLANG_CXX_LANGUAGE_STANDARD = "gnu++20";
				CLANG_ENABLE_MODULES = YES;
				CLANG_ENABLE_OBJC_ARC = YES;
				CLANG_ENABLE_OBJC_WEAK = YES;
				CLANG_WARN_BLOCK_CAPTURE_AUTORELEASING = YES;
				CLANG_WARN_BOOL_CONVERSION = YES;
				CLANG_WARN_COMMA = YES;
				CLANG_WARN_CONSTANT_CONVERSION = YES;
				CLANG_WARN_DEPRECATED_OBJC_IMPLEMENTATIONS = YES;
				CLANG_WARN_DIRECT_OBJC_ISA_USAGE = YES_ERROR;
				CLANG_WARN_DOCUMENTATION_COMMENTS = YES;
				CLANG_WARN_EMPTY_BODY = YES;
				CLANG_WARN_ENUM_CONVERSION = YES;
				CLANG_WARN_INFINITE_RECURSION = YES;
				CLANG_WARN_INT_CONVERSION = YES;
				CLANG_WARN_NON_LITERAL_NULL_CONVERSION = YES;
				CLANG_WARN_OBJC_IMPLICIT_RETAIN_SELF = YES;
				CLANG_WARN_OBJC_LITERAL_CONVERSION = YES;
				CLANG_WARN_OBJC_ROOT_CLASS = YES_ERROR;
				CLANG_WARN_QUOTED_INCLUDE_IN_FRAMEWORK_HEADER = YES;
				CLANG_WARN_RANGE_LOOP_ANALYSIS = YES;
				CLANG_WARN_STRICT_PROTOTYPES = YES;
				CLANG_WARN_SUSPICIOUS_MOVE = YES;
				CLANG_WARN_UNGUARDED_AVAILABILITY = YES_AGGRESSIVE;
				CLANG_WARN_UNREACHABLE_CODE = YES;
				CLANG_WARN__DUPLICATE_METHOD_MATCH = YES;
				COPY_PHASE_STRIP = NO;
				DEBUG_INFORMATION_FORMAT = dwarf;
				ENABLE_STRICT_OBJC_MSGSEND = YES;
				ENABLE_TESTABILITY = YES;
				ENABLE_USER_SCRIPT_SANDBOXING = YES;
				GCC_C_LANGUAGE_STANDARD = gnu17;
				GCC_DYNAMIC_NO_PIC = NO;
				GCC_NO_COMMON_BLOCKS = YES;
				GCC_OPTIMIZATION_LEVEL = 0;
				GCC_PREPROCESSOR_DEFINITIONS = (
					"DEBUG=1",
					"$(inherited)",
				);
				GCC_WARN_64_TO_32_BIT_CONVERSION = YES;
				GCC_WARN_ABOUT_RETURN_TYPE = YES_ERROR;
				GCC_WARN_UNDECLARED_SELECTOR = YES;
				GCC_WARN_UNINITIALIZED_AUTOS = YES_AGGRESSIVE;
				GCC_WARN_UNUSED_FUNCTION = YES;
				GCC_WARN_UNUSED_VARIABLE = YES;
				IPHONEOS_DEPLOYMENT_TARGET = 18.5;
				LOCALIZATION_PREFERS_STRING_CATALOGS = YES;
				MTL_ENABLE_DEBUG_INFO = INCLUDE_SOURCE;
				MTL_FAST_MATH = YES;
				ONLY_ACTIVE_ARCH = YES;
				SDKROOT = iphoneos;
				SWIFT_ACTIVE_COMPILATION_CONDITIONS = "DEBUG $(inherited)";
				SWIFT_EMIT_LOC_STRINGS = YES;
				SWIFT_OPTIMIZATION_LEVEL = "-Onone";
			};
			name = Debug;
		};
		B8AE2B042F2A442F006F15D3 /* Release */ = {
			isa = XCBuildConfiguration;
			buildSettings = {
				ALWAYS_SEARCH_USER_PATHS = NO;
				ASSETCATALOG_COMPILER_GENERATE_SWIFT_ASSET_SYMBOL_EXTENSIONS = YES;
				CLANG_ANALYZER_NONNULL = YES;
				CLANG_ANALYZER_NUMBER_OBJECT_CONVERSION = YES_AGGRESSIVE;
				CLANG_CXX_LANGUAGE_STANDARD = "gnu++20";
				CLANG_ENABLE_MODULES = YES;
				CLANG_ENABLE_OBJC_ARC = YES;
				CLANG_ENABLE_OBJC_WEAK = YES;
				CLANG_WARN_BLOCK_CAPTURE_AUTORELEASING = YES;
				CLANG_WARN_BOOL_CONVERSION = YES;
				CLANG_WARN_COMMA = YES;
				CLANG_WARN_CONSTANT_CONVERSION = YES;
				CLANG_WARN_DEPRECATED_OBJC_IMPLEMENTATIONS = YES;
				CLANG_WARN_DIRECT_OBJC_ISA_USAGE = YES_ERROR;
				CLANG_WARN_DOCUMENTATION_COMMENTS = YES;
				CLANG_WARN_EMPTY_BODY = YES;
				CLANG_WARN_ENUM_CONVERSION = YES;
				CLANG_WARN_INFINITE_RECURSION = YES;
				CLANG_WARN_INT_CONVERSION = YES;
				CLANG_WARN_NON_LITERAL_NULL_CONVERSION = YES;
				CLANG_WARN_OBJC_IMPLICIT_RETAIN_SELF = YES;
				CLANG_WARN_OBJC_LITERAL_CONVERSION = YES;
				CLANG_WARN_OBJC_ROOT_CLASS = YES_ERROR;
				CLANG_WARN_QUOTED_INCLUDE_IN_FRAMEWORK_HEADER = YES;
				CLANG_WARN_RANGE_LOOP_ANALYSIS = YES;
				CLANG_WARN_STRICT_PROTOTYPES = YES;
				CLANG_WARN_SUSPICIOUS_MOVE = YES;
				CLANG_WARN_UNGUARDED_AVAILABILITY = YES_AGGRESSIVE;
				CLANG_WARN_UNREACHABLE_CODE = YES;
				CLANG_WARN__DUPLICATE_METHOD_MATCH = YES;
				COPY_PHASE_STRIP = NO;
				DEBUG_INFORMATION_FORMAT = "dwarf-with-dsym";
				ENABLE_NS_ASSERTIONS = NO;
				ENABLE_STRICT_OBJC_MSGSEND = YES;
				ENABLE_USER_SCRIPT_SANDBOXING = YES;
				GCC_C_LANGUAGE_STANDARD = gnu17;
				GCC_NO_COMMON_BLOCKS = YES;
				GCC_WARN_64_TO_32_BIT_CONVERSION = YES;
				GCC_WARN_ABOUT_RETURN_TYPE = YES_ERROR;
				GCC_WARN_UNDECLARED_SELECTOR = YES;
				GCC_WARN_UNINITIALIZED_AUTOS = YES_AGGRESSIVE;
				GCC_WARN_UNUSED_FUNCTION = YES;
				GCC_WARN_UNUSED_VARIABLE = YES;
				IPHONEOS_DEPLOYMENT_TARGET = 18.5;
				LOCALIZATION_PREFERS_STRING_CATALOGS = YES;
				MTL_ENABLE_DEBUG_INFO = NO;
				MTL_FAST_MATH = YES;
				SDKROOT = iphoneos;
				SWIFT_COMPILATION_MODE = wholemodule;
				SWIFT_EMIT_LOC_STRINGS = YES;
				VALIDATE_PRODUCT = YES;
			};
			name = Release;
		};
		B8AE2B062F2A442F006F15D3 /* Debug */ = {
			isa = XCBuildConfiguration;
			buildSettings = {
				ASSETCATALOG_COMPILER_APPICON_NAME = AppIcon;
				ASSETCATALOG_COMPILER_GLOBAL_ACCENT_COLOR_NAME = AccentColor;
				CODE_SIGN_STYLE = Automatic;
				CURRENT_PROJECT_VERSION = 1;
				DEVELOPMENT_ASSET_PATHS = "\"Buky/Preview Content\"";
				DEVELOPMENT_TEAM = QK6788RJ79;
				ENABLE_PREVIEWS = YES;
				GENERATE_INFOPLIST_FILE = YES;
				INFOPLIST_FILE = Buky/Info.plist;
				INFOPLIST_KEY_UIApplicationSceneManifest_Generation = YES;
				INFOPLIST_KEY_UIApplicationSupportsIndirectInputEvents = YES;
				INFOPLIST_KEY_UILaunchScreen_Generation = YES;
				INFOPLIST_KEY_UISupportedInterfaceOrientations_iPad = "UIInterfaceOrientationPortrait UIInterfaceOrientationPortraitUpsideDown UIInterfaceOrientationLandscapeLeft UIInterfaceOrientationLandscapeRight";
				INFOPLIST_KEY_UISupportedInterfaceOrientations_iPhone = "UIInterfaceOrientationPortrait UIInterfaceOrientationLandscapeLeft UIInterfaceOrientationLandscapeRight";
				LD_RUNPATH_SEARCH_PATHS = (
					"$(inherited)",
					"@executable_path/Frameworks",
				);
				MARKETING_VERSION = 1.0;
				PRODUCT_BUNDLE_IDENTIFIER = com.nicolasbukstein.Buky;
				PRODUCT_NAME = "$(TARGET_NAME)";
				SWIFT_EMIT_LOC_STRINGS = YES;
				SWIFT_VERSION = 5.0;
				TARGETED_DEVICE_FAMILY = "1,2";
			};
			name = Debug;
		};
		B8AE2B072F2A442F006F15D3 /* Release */ = {
			isa = XCBuildConfiguration;
			buildSettings = {
				ASSETCATALOG_COMPILER_APPICON_NAME = AppIcon;
				ASSETCATALOG_COMPILER_GLOBAL_ACCENT_COLOR_NAME = AccentColor;
				CODE_SIGN_STYLE = Automatic;
				CURRENT_PROJECT_VERSION = 1;
				DEVELOPMENT_ASSET_PATHS = "\"Buky/Preview Content\"";
				DEVELOPMENT_TEAM = QK6788RJ79;
				ENABLE_PREVIEWS = YES;
				GENERATE_INFOPLIST_FILE = YES;
				INFOPLIST_FILE = Buky/Info.plist;
				INFOPLIST_KEY_UIApplicationSceneManifest_Generation = YES;
				INFOPLIST_KEY_UIApplicationSupportsIndirectInputEvents = YES;
				INFOPLIST_KEY_UILaunchScreen_Generation = YES;
				INFOPLIST_KEY_UISupportedInterfaceOrientations_iPad = "UIInterfaceOrientationPortrait UIInterfaceOrientationPortraitUpsideDown UIInterfaceOrientationLandscapeLeft UIInterfaceOrientationLandscapeRight";
				INFOPLIST_KEY_UISupportedInterfaceOrientations_iPhone = "UIInterfaceOrientationPortrait UIInterfaceOrientationLandscapeLeft UIInterfaceOrientationLandscapeRight";
				LD_RUNPATH_SEARCH_PATHS = (
					"$(inherited)",
					"@executable_path/Frameworks",
				);
				MARKETING_VERSION = 1.0;
				PRODUCT_BUNDLE_IDENTIFIER = com.nicolasbukstein.Buky;
				PRODUCT_NAME = "$(TARGET_NAME)";
				SWIFT_EMIT_LOC_STRINGS = YES;
				SWIFT_VERSION = 5.0;
				TARGETED_DEVICE_FAMILY = "1,2";
			};
			name = Release;
		};
		B8AE2B092F2A442F006F15D3 /* Debug */ = {
			isa = XCBuildConfiguration;
			buildSettings = {
				BUNDLE_LOADER = "$(TEST_HOST)";
				CODE_SIGN_STYLE = Automatic;
				CURRENT_PROJECT_VERSION = 1;
				DEVELOPMENT_TEAM = QK6788RJ79;
				GENERATE_INFOPLIST_FILE = YES;
				IPHONEOS_DEPLOYMENT_TARGET = 18.2;
				MARKETING_VERSION = 1.0;
				PRODUCT_BUNDLE_IDENTIFIER = com.nicolasbukstein.BukyTests;
				PRODUCT_NAME = "$(TARGET_NAME)";
				SWIFT_EMIT_LOC_STRINGS = NO;
				SWIFT_VERSION = 5.0;
				TARGETED_DEVICE_FAMILY = "1,2";
				TEST_HOST = "$(BUILT_PRODUCTS_DIR)/Buky.app/$(BUNDLE_EXECUTABLE_FOLDER_PATH)/Buky";
			};
			name = Debug;
		};
		B8AE2B0A2F2A442F006F15D3 /* Release */ = {
			isa = XCBuildConfiguration;
			buildSettings = {
				BUNDLE_LOADER = "$(TEST_HOST)";
				CODE_SIGN_STYLE = Automatic;
				CURRENT_PROJECT_VERSION = 1;
				DEVELOPMENT_TEAM = QK6788RJ79;
				GENERATE_INFOPLIST_FILE = YES;
				IPHONEOS_DEPLOYMENT_TARGET = 18.2;
				MARKETING_VERSION = 1.0;
				PRODUCT_BUNDLE_IDENTIFIER = com.nicolasbukstein.BukyTests;
				PRODUCT_NAME = "$(TARGET_NAME)";
				SWIFT_EMIT_LOC_STRINGS = NO;
				SWIFT_VERSION = 5.0;
				TARGETED_DEVICE_FAMILY = "1,2";
				TEST_HOST = "$(BUILT_PRODUCTS_DIR)/Buky.app/$(BUNDLE_EXECUTABLE_FOLDER_PATH)/Buky";
			};
			name = Release;
		};
		B8AE2B0C2F2A442F006F15D3 /* Debug */ = {
			isa = XCBuildConfiguration;
			buildSettings = {
				CODE_SIGN_STYLE = Automatic;
				CURRENT_PROJECT_VERSION = 1;
				DEVELOPMENT_TEAM = QK6788RJ79;
				GENERATE_INFOPLIST_FILE = YES;
				MARKETING_VERSION = 1.0;
				PRODUCT_BUNDLE_IDENTIFIER = com.nicolasbukstein.BukyUITests;
				PRODUCT_NAME = "$(TARGET_NAME)";
				SWIFT_EMIT_LOC_STRINGS = NO;
				SWIFT_VERSION = 5.0;
				TARGETED_DEVICE_FAMILY = "1,2";
				TEST_TARGET_NAME = Buky;
			};
			name = Debug;
		};
		B8AE2B0D2F2A442F006F15D3 /* Release */ = {
			isa = XCBuildConfiguration;
			buildSettings = {
				CODE_SIGN_STYLE = Automatic;
				CURRENT_PROJECT_VERSION = 1;
				DEVELOPMENT_TEAM = QK6788RJ79;
				GENERATE_INFOPLIST_FILE = YES;
				MARKETING_VERSION = 1.0;
				PRODUCT_BUNDLE_IDENTIFIER = com.nicolasbukstein.BukyUITests;
				PRODUCT_NAME = "$(TARGET_NAME)";
				SWIFT_EMIT_LOC_STRINGS = NO;
				SWIFT_VERSION = 5.0;
				TARGETED_DEVICE_FAMILY = "1,2";
				TEST_TARGET_NAME = Buky;
			};
			name = Release;
		};
/* End XCBuildConfiguration section */

/* Begin XCConfigurationList section */
		B8AE2ADA2F2A442E006F15D3 /* Build configuration list for PBXProject "Buky" */ = {
			isa = XCConfigurationList;
			buildConfigurations = (
				B8AE2B032F2A442F006F15D3 /* Debug */,
				B8AE2B042F2A442F006F15D3 /* Release */,
			);
			defaultConfigurationIsVisible = 0;
			defaultConfigurationName = Release;
		};
		B8AE2B052F2A442F006F15D3 /* Build configuration list for PBXNativeTarget "Buky" */ = {
			isa = XCConfigurationList;
			buildConfigurations = (
				B8AE2B062F2A442F006F15D3 /* Debug */,
				B8AE2B072F2A442F006F15D3 /* Release */,
			);
			defaultConfigurationIsVisible = 0;
			defaultConfigurationName = Release;
		};
		B8AE2B082F2A442F006F15D3 /* Build configuration list for PBXNativeTarget "BukyTests" */ = {
			isa = XCConfigurationList;
			buildConfigurations = (
				B8AE2B092F2A442F006F15D3 /* Debug */,
				B8AE2B0A2F2A442F006F15D3 /* Release */,
			);
			defaultConfigurationIsVisible = 0;
			defaultConfigurationName = Release;
		};
		B8AE2B0B2F2A442F006F15D3 /* Build configuration list for PBXNativeTarget "BukyUITests" */ = {
			isa = XCConfigurationList;
			buildConfigurations = (
				B8AE2B0C2F2A442F006F15D3 /* Debug */,
				B8AE2B0D2F2A442F006F15D3 /* Release */,
			);
			defaultConfigurationIsVisible = 0;
			defaultConfigurationName = Release;
		};
/* End XCConfigurationList section */

/* Begin XCRemoteSwiftPackageReference section */
		B83F92882F49D8120078140F /* XCRemoteSwiftPackageReference "purchases-ios-spm" */ = {
			isa = XCRemoteSwiftPackageReference;
			repositoryURL = "https://github.com/RevenueCat/purchases-ios-spm.git";
			requirement = {
				kind = upToNextMajorVersion;
				minimumVersion = 5.59.2;
			};
		};
		B8685EAB2F3257EE00EB9D5F /* XCRemoteSwiftPackageReference "SwiftfulRouting" */ = {
			isa = XCRemoteSwiftPackageReference;
			repositoryURL = "https://github.com/SwiftfulThinking/SwiftfulRouting.git";
			requirement = {
				kind = upToNextMajorVersion;
				minimumVersion = 6.1.8;
			};
		};
		B8D989412F376E53002B5C02 /* XCRemoteSwiftPackageReference "lottie-ios" */ = {
			isa = XCRemoteSwiftPackageReference;
			repositoryURL = "https://github.com/airbnb/lottie-ios";
			requirement = {
				kind = upToNextMajorVersion;
				minimumVersion = 4.6.0;
			};
		};
/* End XCRemoteSwiftPackageReference section */

/* Begin XCSwiftPackageProductDependency section */
		B83F92892F49E6850078140F /* RevenueCat */ = {
			isa = XCSwiftPackageProductDependency;
			package = B83F92882F49D8120078140F /* XCRemoteSwiftPackageReference "purchases-ios-spm" */;
			productName = RevenueCat;
		};
		B8685EAF2F32589900EB9D5F /* SwiftfulRouting */ = {
			isa = XCSwiftPackageProductDependency;
			package = B8685EAB2F3257EE00EB9D5F /* XCRemoteSwiftPackageReference "SwiftfulRouting" */;
			productName = SwiftfulRouting;
		};
		B8D989422F376E53002B5C02 /* Lottie */ = {
			isa = XCSwiftPackageProductDependency;
			package = B8D989412F376E53002B5C02 /* XCRemoteSwiftPackageReference "lottie-ios" */;
			productName = Lottie;
		};
/* End XCSwiftPackageProductDependency section */
	};
	rootObject = B8AE2AD72F2A442E006F15D3 /* Project object */;
}
